
Microsoft Visual Studio Solution File, Format Version 12.00
# Visual Studio Version 17
VisualStudioVersion = 17.9.34607.119
MinimumVisualStudioVersion = 10.0.40219.1
Project("{FAE04EC0-301F-11D3-BF4B-00C04F79EFBC}") = "LearningBlazor", "LearningBlazor.csproj", "{E53CD777-9F96-477A-9EB4-1EA1CFDD829C}"
EndProject
Global
	GlobalSection(SolutionConfigurationPlatforms) = preSolution
		Debug|Any CPU = Debug|Any CPU
		Release|Any CPU = Release|Any CPU
	EndGlobalSection
	GlobalSection(ProjectConfigurationPlatforms) = postSolution
		{E53CD777-9F96-477A-9EB4-1EA1CFDD829C}.Debug|Any CPU.ActiveCfg = Debug|Any CPU
		{E53CD777-9F96-477A-9EB4-1EA1CFDD829C}.Debug|Any CPU.Build.0 = Debug|Any CPU
		{E53CD777-9F96-477A-9EB4-1EA1CFDD829C}.Release|Any CPU.ActiveCfg = Release|Any CPU
		{E53CD777-9F96-477A-9EB4-1EA1CFDD829C}.Release|Any CPU.Build.0 = Release|Any CPU
	EndGlobalSection
	GlobalSection(SolutionProperties) = preSolution
		HideSolutionNode = FALSE
	EndGlobalSection
	GlobalSection(ExtensibilityGlobals) = postSolution
		SolutionGuid = {8A32C0D5-8FD0-47E9-956F-F5AAC6894CD8}
	EndGlobalSection
EndGlobal
